
Microsoft Visual Studio Solution File, Format Version 12.00
# Visual Studio Version 16
VisualStudioVersion = 25.0.1706.13
MinimumVisualStudioVersion = 10.0.40219.1
Project("{FAE04EC0-301F-11D3-BF4B-00C04F79EFBC}") = "yahtzeeGame", "yahtzeeGame\yahtzeeGame.csproj", "{FFD7E6C6-79CC-4FE2-B37B-3C6E20795417}"
EndProject
Project("{FAE04EC0-301F-11D3-BF4B-00C04F79EFBC}") = "MusicDiceGame", "CSharpLearningFiles\MusicDiceGame\MusicDiceGame\MusicDiceGame.csproj", "{5AA999E8-7515-4DEF-9F99-99B54F14BB33}"
EndProject
Global
	GlobalSection(SolutionConfigurationPlatforms) = preSolution
		Debug|Any CPU = Debug|Any CPU
		Release|Any CPU = Release|Any CPU
	EndGlobalSection
	GlobalSection(ProjectConfigurationPlatforms) = postSolution
		{FFD7E6C6-79CC-4FE2-B37B-3C6E20795417}.Debug|Any CPU.ActiveCfg = Debug|Any CPU
		{FFD7E6C6-79CC-4FE2-B37B-3C6E20795417}.Debug|Any CPU.Build.0 = Debug|Any CPU
		{FFD7E6C6-79CC-4FE2-B37B-3C6E20795417}.Release|Any CPU.ActiveCfg = Release|Any CPU
		{FFD7E6C6-79CC-4FE2-B37B-3C6E20795417}.Release|Any CPU.Build.0 = Release|Any CPU
		{5AA999E8-7515-4DEF-9F99-99B54F14BB33}.Debug|Any CPU.ActiveCfg = Debug|Any CPU
		{5AA999E8-7515-4DEF-9F99-99B54F14BB33}.Debug|Any CPU.Build.0 = Debug|Any CPU
		{5AA999E8-7515-4DEF-9F99-99B54F14BB33}.Release|Any CPU.ActiveCfg = Release|Any CPU
		{5AA999E8-7515-4DEF-9F99-99B54F14BB33}.Release|Any CPU.Build.0 = Release|Any CPU
	EndGlobalSection
	GlobalSection(SolutionProperties) = preSolution
		HideSolutionNode = FALSE
	EndGlobalSection
	GlobalSection(ExtensibilityGlobals) = postSolution
		SolutionGuid = {8D6635C4-1698-43BE-B23F-F7DF511EB31D}
	EndGlobalSection
EndGlobal
